
Microsoft Visual Studio Solution File, Format Version 12.00
# Visual Studio Version 17
VisualStudioVersion = 17.3.32929.385
MinimumVisualStudioVersion = 10.0.40219.1
Project("{FAE04EC0-301F-11D3-BF4B-00C04F79EFBC}") = "zavd1", "zavd1.csproj", "{57967B2C-57C7-4FE3-984B-4F683C7A2653}"
EndProject
Global
	GlobalSection(SolutionConfigurationPlatforms) = preSolution
		Debug|Any CPU = Debug|Any CPU
		Release|Any CPU = Release|Any CPU
	EndGlobalSection
	GlobalSection(ProjectConfigurationPlatforms) = postSolution
		{57967B2C-57C7-4FE3-984B-4F683C7A2653}.Debug|Any CPU.ActiveCfg = Debug|Any CPU
		{57967B2C-57C7-4FE3-984B-4F683C7A2653}.Debug|Any CPU.Build.0 = Debug|Any CPU
		{57967B2C-57C7-4FE3-984B-4F683C7A2653}.Release|Any CPU.ActiveCfg = Release|Any CPU
		{57967B2C-57C7-4FE3-984B-4F683C7A2653}.Release|Any CPU.Build.0 = Release|Any CPU
	EndGlobalSection
	GlobalSection(SolutionProperties) = preSolution
		HideSolutionNode = FALSE
	EndGlobalSection
	GlobalSection(ExtensibilityGlobals) = postSolution
		SolutionGuid = {2E5083E7-2EF5-40FA-B8F7-EE91C1B2EC57}
	EndGlobalSection
EndGlobal
